// !$*UTF8*$!
{
	archiveVersion = 1;
	classes = {
	};
	objectVersion = 46;
	objects = {

/* Begin PBXBuildFile section */
		ED3E9C281C0E68F40053A8F5 /* main.m in Sources */ = {isa = PBXBuildFile; fileRef = ED3E9C271C0E68F40053A8F5 /* main.m */; };
		ED3E9C2B1C0E68F40053A8F5 /* AppDelegate.m in Sources */ = {isa = PBXBuildFile; fileRef = ED3E9C2A1C0E68F40053A8F5 /* AppDelegate.m */; };
		ED3E9C2D1C0E68F40053A8F5 /* Assets.xcassets in Resources */ = {isa = PBXBuildFile; fileRef = ED3E9C2C1C0E68F40053A8F5 /* Assets.xcassets */; };
		ED3E9C301C0E68F40053A8F5 /* LaunchScreen.storyboard in Resources */ = {isa = PBXBuildFile; fileRef = ED3E9C2E1C0E68F40053A8F5 /* LaunchScreen.storyboard */; };
		ED3E9C3B1C0E68F40053A8F5 /* TouchTrackerTests.m in Sources */ = {isa = PBXBuildFile; fileRef = ED3E9C3A1C0E68F40053A8F5 /* TouchTrackerTests.m */; };
		ED3E9C461C0E68F40053A8F5 /* TouchTrackerUITests.m in Sources */ = {isa = PBXBuildFile; fileRef = ED3E9C451C0E68F40053A8F5 /* TouchTrackerUITests.m */; };
		ED3E9C551C0E69990053A8F5 /* Line.m in Sources */ = {isa = PBXBuildFile; fileRef = ED3E9C541C0E69990053A8F5 /* Line.m */; };
		ED3E9C581C0E6ACB0053A8F5 /* DrawView.m in Sources */ = {isa = PBXBuildFile; fileRef = ED3E9C571C0E6ACB0053A8F5 /* DrawView.m */; };
		ED3E9C5B1C0E6B610053A8F5 /* DrawViewController.m in Sources */ = {isa = PBXBuildFile; fileRef = ED3E9C5A1C0E6B610053A8F5 /* DrawViewController.m */; };
		ED6E325A1C106333004E3B0B /* Round.m in Sources */ = {isa = PBXBuildFile; fileRef = ED6E32591C106333004E3B0B /* Round.m */; };
		EDF747DE1C0FC6350057EB26 /* ColorAdjust.m in Sources */ = {isa = PBXBuildFile; fileRef = EDF747DD1C0FC6350057EB26 /* ColorAdjust.m */; };
/* End PBXBuildFile section */

/* Begin PBXContainerItemProxy section */
		ED3E9C371C0E68F40053A8F5 /* PBXContainerItemProxy */ = {
			isa = PBXContainerItemProxy;
			containerPortal = ED3E9C1B1C0E68F40053A8F5 /* Project object */;
			proxyType = 1;
			remoteGlobalIDString = ED3E9C221C0E68F40053A8F5;
			remoteInfo = TouchTracker;
		};
		ED3E9C421C0E68F40053A8F5 /* PBXContainerItemProxy */ = {
			isa = PBXContainerItemProxy;
			containerPortal = ED3E9C1B1C0E68F40053A8F5 /* Project object */;
			proxyType = 1;
			remoteGlobalIDString = ED3E9C221C0E68F40053A8F5;
			remoteInfo = TouchTracker;
		};
/* End PBXContainerItemProxy section */

/* Begin PBXFileReference section */
		ED3E9C231C0E68F40053A8F5 /* TouchTracker.app */ = {isa = PBXFileReference; explicitFileType = wrapper.application; includeInIndex = 0; path = TouchTracker.app; sourceTree = BUILT_PRODUCTS_DIR; };
		ED3E9C271C0E68F40053A8F5 /* main.m */ = {isa = PBXFileReference; lastKnownFileType = sourcecode.c.objc; path = main.m; sourceTree = "<group>"; };
		ED3E9C291C0E68F40053A8F5 /* AppDelegate.h */ = {isa = PBXFileReference; lastKnownFileType = sourcecode.c.h; path = AppDelegate.h; sourceTree = "<group>"; };
		ED3E9C2A1C0E68F40053A8F5 /* AppDelegate.m */ = {isa = PBXFileReference; lastKnownFileType = sourcecode.c.objc; path = AppDelegate.m; sourceTree = "<group>"; };
		ED3E9C2C1C0E68F40053A8F5 /* Assets.xcassets */ = {isa = PBXFileReference; lastKnownFileType = folder.assetcatalog; path = Assets.xcassets; sourceTree = "<group>"; };
		ED3E9C2F1C0E68F40053A8F5 /* Base */ = {isa = PBXFileReference; lastKnownFileType = file.storyboard; name = Base; path = Base.lproj/LaunchScreen.storyboard; sourceTree = "<group>"; };
		ED3E9C311C0E68F40053A8F5 /* Info.plist */ = {isa = PBXFileReference; lastKnownFileType = text.plist.xml; path = Info.plist; sourceTree = "<group>"; };
		ED3E9C361C0E68F40053A8F5 /* TouchTrackerTests.xctest */ = {isa = PBXFileReference; explicitFileType = wrapper.cfbundle; includeInIndex = 0; path = TouchTrackerTests.xctest; sourceTree = BUILT_PRODUCTS_DIR; };
		ED3E9C3A1C0E68F40053A8F5 /* TouchTrackerTests.m */ = {isa = PBXFileReference; lastKnownFileType = sourcecode.c.objc; path = TouchTrackerTests.m; sourceTree = "<group>"; };
		ED3E9C3C1C0E68F40053A8F5 /* Info.plist */ = {isa = PBXFileReference; lastKnownFileType = text.plist.xml; path = Info.plist; sourceTree = "<group>"; };
		ED3E9C411C0E68F40053A8F5 /* TouchTrackerUITests.xctest */ = {isa = PBXFileReference; explicitFileType = wrapper.cfbundle; includeInIndex = 0; path = TouchTrackerUITests.xctest; sourceTree = BUILT_PRODUCTS_DIR; };
		ED3E9C451C0E68F40053A8F5 /* TouchTrackerUITests.m */ = {isa = PBXFileReference; lastKnownFileType = sourcecode.c.objc; path = TouchTrackerUITests.m; sourceTree = "<group>"; };
		ED3E9C471C0E68F40053A8F5 /* Info.plist */ = {isa = PBXFileReference; lastKnownFileType = text.plist.xml; path = Info.plist; sourceTree = "<group>"; };
		ED3E9C531C0E69990053A8F5 /* Line.h */ = {isa = PBXFileReference; fileEncoding = 4; lastKnownFileType = sourcecode.c.h; path = Line.h; sourceTree = "<group>"; };
		ED3E9C541C0E69990053A8F5 /* Line.m */ = {isa = PBXFileReference; fileEncoding = 4; lastKnownFileType = sourcecode.c.objc; path = Line.m; sourceTree = "<group>"; };
		ED3E9C561C0E6ACB0053A8F5 /* DrawView.h */ = {isa = PBXFileReference; fileEncoding = 4; lastKnownFileType = sourcecode.c.h; path = DrawView.h; sourceTree = "<group>"; };
		ED3E9C571C0E6ACB0053A8F5 /* DrawView.m */ = {isa = PBXFileReference; fileEncoding = 4; lastKnownFileType = sourcecode.c.objc; path = DrawView.m; sourceTree = "<group>"; };
		ED3E9C591C0E6B610053A8F5 /* DrawViewController.h */ = {isa = PBXFileReference; fileEncoding = 4; lastKnownFileType = sourcecode.c.h; path = DrawViewController.h; sourceTree = "<group>"; };
		ED3E9C5A1C0E6B610053A8F5 /* DrawViewController.m */ = {isa = PBXFileReference; fileEncoding = 4; lastKnownFileType = sourcecode.c.objc; path = DrawViewController.m; sourceTree = "<group>"; };
		ED6E32581C106333004E3B0B /* Round.h */ = {isa = PBXFileReference; fileEncoding = 4; lastKnownFileType = sourcecode.c.h; path = Round.h; sourceTree = "<group>"; };
		ED6E32591C106333004E3B0B /* Round.m */ = {isa = PBXFileReference; fileEncoding = 4; lastKnownFileType = sourcecode.c.objc; path = Round.m; sourceTree = "<group>"; };
		EDF747DC1C0FC6350057EB26 /* ColorAdjust.h */ = {isa = PBXFileReference; fileEncoding = 4; lastKnownFileType = sourcecode.c.h; path = ColorAdjust.h; sourceTree = "<group>"; };
		EDF747DD1C0FC6350057EB26 /* ColorAdjust.m */ = {isa = PBXFileReference; fileEncoding = 4; lastKnownFileType = sourcecode.c.objc; path = ColorAdjust.m; sourceTree = "<group>"; };
/* End PBXFileReference section */

/* Begin PBXFrameworksBuildPhase section */
		ED3E9C201C0E68F40053A8F5 /* Frameworks */ = {
			isa = PBXFrameworksBuildPhase;
			buildActionMask = 2147483647;
			files = (
			);
			runOnlyForDeploymentPostprocessing = 0;
		};
		ED3E9C331C0E68F40053A8F5 /* Frameworks */ = {
			isa = PBXFrameworksBuildPhase;
			buildActionMask = 2147483647;
			files = (
			);
			runOnlyForDeploymentPostprocessing = 0;
		};
		ED3E9C3E1C0E68F40053A8F5 /* Frameworks */ = {
			isa = PBXFrameworksBuildPhase;
			buildActionMask = 2147483647;
			files = (
			);
			runOnlyForDeploymentPostprocessing = 0;
		};
/* End PBXFrameworksBuildPhase section */

/* Begin PBXGroup section */
		ED3E9C1A1C0E68F40053A8F5 = {
			isa = PBXGroup;
			children = (
				ED3E9C251C0E68F40053A8F5 /* TouchTracker */,
				ED3E9C391C0E68F40053A8F5 /* TouchTrackerTests */,
				ED3E9C441C0E68F40053A8F5 /* TouchTrackerUITests */,
				ED3E9C241C0E68F40053A8F5 /* Products */,
			);
			sourceTree = "<group>";
		};
		ED3E9C241C0E68F40053A8F5 /* Products */ = {
			isa = PBXGroup;
			children = (
				ED3E9C231C0E68F40053A8F5 /* TouchTracker.app */,
				ED3E9C361C0E68F40053A8F5 /* TouchTrackerTests.xctest */,
				ED3E9C411C0E68F40053A8F5 /* TouchTrackerUITests.xctest */,
			);
			name = Products;
			sourceTree = "<group>";
		};
		ED3E9C251C0E68F40053A8F5 /* TouchTracker */ = {
			isa = PBXGroup;
			children = (
				ED3E9C291C0E68F40053A8F5 /* AppDelegate.h */,
				ED3E9C2A1C0E68F40053A8F5 /* AppDelegate.m */,
				ED3E9C2C1C0E68F40053A8F5 /* Assets.xcassets */,
				ED3E9C2E1C0E68F40053A8F5 /* LaunchScreen.storyboard */,
				ED3E9C311C0E68F40053A8F5 /* Info.plist */,
				ED3E9C261C0E68F40053A8F5 /* Supporting Files */,
				ED3E9C531C0E69990053A8F5 /* Line.h */,
				ED3E9C541C0E69990053A8F5 /* Line.m */,
				ED6E32581C106333004E3B0B /* Round.h */,
				ED6E32591C106333004E3B0B /* Round.m */,
				EDF747DC1C0FC6350057EB26 /* ColorAdjust.h */,
				EDF747DD1C0FC6350057EB26 /* ColorAdjust.m */,
				ED3E9C561C0E6ACB0053A8F5 /* DrawView.h */,
				ED3E9C571C0E6ACB0053A8F5 /* DrawView.m */,
				ED3E9C591C0E6B610053A8F5 /* DrawViewController.h */,
				ED3E9C5A1C0E6B610053A8F5 /* DrawViewController.m */,
			);
			path = TouchTracker;
			sourceTree = "<group>";
		};
		ED3E9C261C0E68F40053A8F5 /* Supporting Files */ = {
			isa = PBXGroup;
			children = (
				ED3E9C271C0E68F40053A8F5 /* main.m */,
			);
			name = "Supporting Files";
			sourceTree = "<group>";
		};
		ED3E9C391C0E68F40053A8F5 /* TouchTrackerTests */ = {
			isa = PBXGroup;
			children = (
				ED3E9C3A1C0E68F40053A8F5 /* TouchTrackerTests.m */,
				ED3E9C3C1C0E68F40053A8F5 /* Info.plist */,
			);
			path = TouchTrackerTests;
			sourceTree = "<group>";
		};
		ED3E9C441C0E68F40053A8F5 /* TouchTrackerUITests */ = {
			isa = PBXGroup;
			children = (
				ED3E9C451C0E68F40053A8F5 /* TouchTrackerUITests.m */,
				ED3E9C471C0E68F40053A8F5 /* Info.plist */,
			);
			path = TouchTrackerUITests;
			sourceTree = "<group>";
		};
/* End PBXGroup section */

/* Begin PBXNativeTarget section */
		ED3E9C221C0E68F40053A8F5 /* TouchTracker */ = {
			isa = PBXNativeTarget;
			buildConfigurationList = ED3E9C4A1C0E68F40053A8F5 /* Build configuration list for PBXNativeTarget "TouchTracker" */;
			buildPhases = (
				ED3E9C1F1C0E68F40053A8F5 /* Sources */,
				ED3E9C201C0E68F40053A8F5 /* Frameworks */,
				ED3E9C211C0E68F40053A8F5 /* Resources */,
			);
			buildRules = (
			);
			dependencies = (
			);
			name = TouchTracker;
			productName = TouchTracker;
			productReference = ED3E9C231C0E68F40053A8F5 /* TouchTracker.app */;
			productType = "com.apple.product-type.application";
		};
		ED3E9C351C0E68F40053A8F5 /* TouchTrackerTests */ = {
			isa = PBXNativeTarget;
			buildConfigurationList = ED3E9C4D1C0E68F40053A8F5 /* Build configuration list for PBXNativeTarget "TouchTrackerTests" */;
			buildPhases = (
				ED3E9C321C0E68F40053A8F5 /* Sources */,
				ED3E9C331C0E68F40053A8F5 /* Frameworks */,
				ED3E9C341C0E68F40053A8F5 /* Resources */,
			);
			buildRules = (
			);
			dependencies = (
				ED3E9C381C0E68F40053A8F5 /* PBXTargetDependency */,
			);
			name = TouchTrackerTests;
			productName = TouchTrackerTests;
			productReference = ED3E9C361C0E68F40053A8F5 /* TouchTrackerTests.xctest */;
			productType = "com.apple.product-type.bundle.unit-test";
		};
		ED3E9C401C0E68F40053A8F5 /* TouchTrackerUITests */ = {
			isa = PBXNativeTarget;
			buildConfigurationList = ED3E9C501C0E68F40053A8F5 /* Build configuration list for PBXNativeTarget "TouchTrackerUITests" */;
			buildPhases = (
				ED3E9C3D1C0E68F40053A8F5 /* Sources */,
				ED3E9C3E1C0E68F40053A8F5 /* Frameworks */,
				ED3E9C3F1C0E68F40053A8F5 /* Resources */,
			);
			buildRules = (
			);
			dependencies = (
				ED3E9C431C0E68F40053A8F5 /* PBXTargetDependency */,
			);
			name = TouchTrackerUITests;
			productName = TouchTrackerUITests;
			productReference = ED3E9C411C0E68F40053A8F5 /* TouchTrackerUITests.xctest */;
			productType = "com.apple.product-type.bundle.ui-testing";
		};
/* End PBXNativeTarget section */

/* Begin PBXProject section */
		ED3E9C1B1C0E68F40053A8F5 /* Project object */ = {
			isa = PBXProject;
			attributes = {
				LastUpgradeCheck = 0710;
				ORGANIZATIONNAME = "郑克明";
				TargetAttributes = {
					ED3E9C221C0E68F40053A8F5 = {
						CreatedOnToolsVersion = 7.1.1;
						DevelopmentTeam = XNC7CRYM5X;
					};
					ED3E9C351C0E68F40053A8F5 = {
						CreatedOnToolsVersion = 7.1.1;
						DevelopmentTeam = XNC7CRYM5X;
						TestTargetID = ED3E9C221C0E68F40053A8F5;
					};
					ED3E9C401C0E68F40053A8F5 = {
						CreatedOnToolsVersion = 7.1.1;
						DevelopmentTeam = XNC7CRYM5X;
						TestTargetID = ED3E9C221C0E68F40053A8F5;
					};
				};
			};
			buildConfigurationList = ED3E9C1E1C0E68F40053A8F5 /* Build configuration list for PBXProject "TouchTracker" */;
			compatibilityVersion = "Xcode 3.2";
			developmentRegion = English;
			hasScannedForEncodings = 0;
			knownRegions = (
				en,
				Base,
			);
			mainGroup = ED3E9C1A1C0E68F40053A8F5;
			productRefGroup = ED3E9C241C0E68F40053A8F5 /* Products */;
			projectDirPath = "";
			projectRoot = "";
			targets = (
				ED3E9C221C0E68F40053A8F5 /* TouchTracker */,
				ED3E9C351C0E68F40053A8F5 /* TouchTrackerTests */,
				ED3E9C401C0E68F40053A8F5 /* TouchTrackerUITests */,
			);
		};
/* End PBXProject section */

/* Begin PBXResourcesBuildPhase section */
		ED3E9C211C0E68F40053A8F5 /* Resources */ = {
			isa = PBXResourcesBuildPhase;
			buildActionMask = 2147483647;
			files = (
				ED3E9C2D1C0E68F40053A8F5 /* Assets.xcassets in Resources */,
				ED3E9C301C0E68F40053A8F5 /* LaunchScreen.storyboard in Resources */,
			);
			runOnlyForDeploymentPostprocessing = 0;
		};
		ED3E9C341C0E68F40053A8F5 /* Resources */ = {
			isa = PBXResourcesBuildPhase;
			buildActionMask = 2147483647;
			files = (
			);
			runOnlyForDeploymentPostprocessing = 0;
		};
		ED3E9C3F1C0E68F40053A8F5 /* Resources */ = {
			isa = PBXResourcesBuildPhase;
			buildActionMask = 2147483647;
			files = (
			);
			runOnlyForDeploymentPostprocessing = 0;
		};
/* End PBXResourcesBuildPhase section */

/* Begin PBXSourcesBuildPhase section */
		ED3E9C1F1C0E68F40053A8F5 /* Sources */ = {
			isa = PBXSourcesBuildPhase;
			buildActionMask = 2147483647;
			files = (
				ED3E9C2B1C0E68F40053A8F5 /* AppDelegate.m in Sources */,
				ED3E9C5B1C0E6B610053A8F5 /* DrawViewController.m in Sources */,
				ED3E9C551C0E69990053A8F5 /* Line.m in Sources */,
				ED3E9C581C0E6ACB0053A8F5 /* DrawView.m in Sources */,
				EDF747DE1C0FC6350057EB26 /* ColorAdjust.m in Sources */,
				ED6E325A1C106333004E3B0B /* Round.m in Sources */,
				ED3E9C281C0E68F40053A8F5 /* main.m in Sources */,
			);
			runOnlyForDeploymentPostprocessing = 0;
		};
		ED3E9C321C0E68F40053A8F5 /* Sources */ = {
			isa = PBXSourcesBuildPhase;
			buildActionMask = 2147483647;
			files = (
				ED3E9C3B1C0E68F40053A8F5 /* TouchTrackerTests.m in Sources */,
			);
			runOnlyForDeploymentPostprocessing = 0;
		};
		ED3E9C3D1C0E68F40053A8F5 /* Sources */ = {
			isa = PBXSourcesBuildPhase;
			buildActionMask = 2147483647;
			files = (
				ED3E9C461C0E68F40053A8F5 /* TouchTrackerUITests.m in Sources */,
			);
			runOnlyForDeploymentPostprocessing = 0;
		};
/* End PBXSourcesBuildPhase section */

/* Begin PBXTargetDependency section */
		ED3E9C381C0E68F40053A8F5 /* PBXTargetDependency */ = {
			isa = PBXTargetDependency;
			target = ED3E9C221C0E68F40053A8F5 /* TouchTracker */;
			targetProxy = ED3E9C371C0E68F40053A8F5 /* PBXContainerItemProxy */;
		};
		ED3E9C431C0E68F40053A8F5 /* PBXTargetDependency */ = {
			isa = PBXTargetDependency;
			target = ED3E9C221C0E68F40053A8F5 /* TouchTracker */;
			targetProxy = ED3E9C421C0E68F40053A8F5 /* PBXContainerItemProxy */;
		};
/* End PBXTargetDependency section */

/* Begin PBXVariantGroup section */
		ED3E9C2E1C0E68F40053A8F5 /* LaunchScreen.storyboard */ = {
			isa = PBXVariantGroup;
			children = (
				ED3E9C2F1C0E68F40053A8F5 /* Base */,
			);
			name = LaunchScreen.storyboard;
			sourceTree = "<group>";
		};
/* End PBXVariantGroup section */

/* Begin XCBuildConfiguration section */
		ED3E9C481C0E68F40053A8F5 /* Debug */ = {
			isa = XCBuildConfiguration;
			buildSettings = {
				ALWAYS_SEARCH_USER_PATHS = NO;
				CLANG_CXX_LANGUAGE_STANDARD = "gnu++0x";
				CLANG_CXX_LIBRARY = "libc++";
				CLANG_ENABLE_MODULES = YES;
				CLANG_ENABLE_OBJC_ARC = YES;
				CLANG_WARN_BOOL_CONVERSION = YES;
				CLANG_WARN_CONSTANT_CONVERSION = YES;
				CLANG_WARN_DIRECT_OBJC_ISA_USAGE = YES_ERROR;
				CLANG_WARN_EMPTY_BODY = YES;
				CLANG_WARN_ENUM_CONVERSION = YES;
				CLANG_WARN_INT_CONVERSION = YES;
				CLANG_WARN_OBJC_ROOT_CLASS = YES_ERROR;
				CLANG_WARN_UNREACHABLE_CODE = YES;
				CLANG_WARN__DUPLICATE_METHOD_MATCH = YES;
				"CODE_SIGN_IDENTITY[sdk=iphoneos*]" = "iPhone Developer";
				COPY_PHASE_STRIP = NO;
				DEBUG_INFORMATION_FORMAT = dwarf;
				ENABLE_STRICT_OBJC_MSGSEND = YES;
				ENABLE_TESTABILITY = YES;
				GCC_C_LANGUAGE_STANDARD = gnu99;
				GCC_DYNAMIC_NO_PIC = NO;
				GCC_NO_COMMON_BLOCKS = YES;
				GCC_OPTIMIZATION_LEVEL = 0;
				GCC_PREPROCESSOR_DEFINITIONS = (
					"DEBUG=1",
					"$(inherited)",
					VIEW_DEBUG,
				);
				GCC_WARN_64_TO_32_BIT_CONVERSION = YES;
				GCC_WARN_ABOUT_RETURN_TYPE = YES_ERROR;
				GCC_WARN_UNDECLARED_SELECTOR = YES;
				GCC_WARN_UNINITIALIZED_AUTOS = YES_AGGRESSIVE;
				GCC_WARN_UNUSED_FUNCTION = YES;
				GCC_WARN_UNUSED_VARIABLE = YES;
				IPHONEOS_DEPLOYMENT_TARGET = 9.1;
				MTL_ENABLE_DEBUG_INFO = YES;
				ONLY_ACTIVE_ARCH = YES;
				SDKROOT = iphoneos;
			};
			name = Debug;
		};
		ED3E9C491C0E68F40053A8F5 /* Release */ = {
			isa = XCBuildConfiguration;
			buildSettings = {
				ALWAYS_SEARCH_USER_PATHS = NO;
				CLANG_CXX_LANGUAGE_STANDARD = "gnu++0x";
				CLANG_CXX_LIBRARY = "libc++";
				CLANG_ENABLE_MODULES = YES;
				CLANG_ENABLE_OBJC_ARC = YES;
				CLANG_WARN_BOOL_CONVERSION = YES;
				CLANG_WARN_CONSTANT_CONVERSION = YES;
				CLANG_WARN_DIRECT_OBJC_ISA_USAGE = YES_ERROR;
				CLANG_WARN_EMPTY_BODY = YES;
				CLANG_WARN_ENUM_CONVERSION = YES;
				CLANG_WARN_INT_CONVERSION = YES;
				CLANG_WARN_OBJC_ROOT_CLASS = YES_ERROR;
				CLANG_WARN_UNREACHABLE_CODE = YES;
				CLANG_WARN__DUPLICATE_METHOD_MATCH = YES;
				"CODE_SIGN_IDENTITY[sdk=iphoneos*]" = "iPhone Developer";
				COPY_PHASE_STRIP = NO;
				DEBUG_INFORMATION_FORMAT = "dwarf-with-dsym";
				ENABLE_NS_ASSERTIONS = NO;
				ENABLE_STRICT_OBJC_MSGSEND = YES;
				GCC_C_LANGUAGE_STANDARD = gnu99;
				GCC_NO_COMMON_BLOCKS = YES;
				GCC_WARN_64_TO_32_BIT_CONVERSION = YES;
				GCC_WARN_ABOUT_RETURN_TYPE = YES_ERROR;
				GCC_WARN_UNDECLARED_SELECTOR = YES;
				GCC_WARN_UNINITIALIZED_AUTOS = YES_AGGRESSIVE;
				GCC_WARN_UNUSED_FUNCTION = YES;
				GCC_WARN_UNUSED_VARIABLE = YES;
				IPHONEOS_DEPLOYMENT_TARGET = 9.1;
				MTL_ENABLE_DEBUG_INFO = NO;
				SDKROOT = iphoneos;
				VALIDATE_PRODUCT = YES;
			};
			name = Release;
		};
		ED3E9C4B1C0E68F40053A8F5 /* Debug */ = {
			isa = XCBuildConfiguration;
			buildSettings = {
				ASSETCATALOG_COMPILER_APPICON_NAME = AppIcon;
				INFOPLIST_FILE = TouchTracker/Info.plist;
				IPHONEOS_DEPLOYMENT_TARGET = 8.4;
				LD_RUNPATH_SEARCH_PATHS = "$(inherited) @executable_path/Frameworks";
				PRODUCT_BUNDLE_IDENTIFIER = Cocos.TouchTracker;
				PRODUCT_NAME = "$(TARGET_NAME)";
			};
			name = Debug;
		};
		ED3E9C4C1C0E68F40053A8F5 /* Release */ = {
			isa = XCBuildConfiguration;
			buildSettings = {
				ASSETCATALOG_COMPILER_APPICON_NAME = AppIcon;
				INFOPLIST_FILE = TouchTracker/Info.plist;
				IPHONEOS_DEPLOYMENT_TARGET = 8.4;
				LD_RUNPATH_SEARCH_PATHS = "$(inherited) @executable_path/Frameworks";
				PRODUCT_BUNDLE_IDENTIFIER = Cocos.TouchTracker;
				PRODUCT_NAME = "$(TARGET_NAME)";
			};
			name = Release;
		};
		ED3E9C4E1C0E68F40053A8F5 /* Debug */ = {
			isa = XCBuildConfiguration;
			buildSettings = {
				BUNDLE_LOADER = "$(TEST_HOST)";
				INFOPLIST_FILE = TouchTrackerTests/Info.plist;
				LD_RUNPATH_SEARCH_PATHS = "$(inherited) @executable_path/Frameworks @loader_path/Frameworks";
				PRODUCT_BUNDLE_IDENTIFIER = Cocos.TouchTrackerTests;
				PRODUCT_NAME = "$(TARGET_NAME)";
				TEST_HOST = "$(BUILT_PRODUCTS_DIR)/TouchTracker.app/TouchTracker";
			};
			name = Debug;
		};
		ED3E9C4F1C0E68F40053A8F5 /* Release */ = {
			isa = XCBuildConfiguration;
			buildSettings = {
				BUNDLE_LOADER = "$(TEST_HOST)";
				INFOPLIST_FILE = TouchTrackerTests/Info.plist;
				LD_RUNPATH_SEARCH_PATHS = "$(inherited) @executable_path/Frameworks @loader_path/Frameworks";
				PRODUCT_BUNDLE_IDENTIFIER = Cocos.TouchTrackerTests;
				PRODUCT_NAME = "$(TARGET_NAME)";
				TEST_HOST = "$(BUILT_PRODUCTS_DIR)/TouchTracker.app/TouchTracker";
			};
			name = Release;
		};
		ED3E9C511C0E68F40053A8F5 /* Debug */ = {
			isa = XCBuildConfiguration;
			buildSettings = {
				INFOPLIST_FILE = TouchTrackerUITests/Info.plist;
				LD_RUNPATH_SEARCH_PATHS = "$(inherited) @executable_path/Frameworks @loader_path/Frameworks";
				PRODUCT_BUNDLE_IDENTIFIER = Cocos.TouchTrackerUITests;
				PRODUCT_NAME = "$(TARGET_NAME)";
				TEST_TARGET_NAME = TouchTracker;
				USES_XCTRUNNER = YES;
			};
			name = Debug;
		};
		ED3E9C521C0E68F40053A8F5 /* Release */ = {
			isa = XCBuildConfiguration;
			buildSettings = {
				INFOPLIST_FILE = TouchTrackerUITests/Info.plist;
				LD_RUNPATH_SEARCH_PATHS = "$(inherited) @executable_path/Frameworks @loader_path/Frameworks";
				PRODUCT_BUNDLE_IDENTIFIER = Cocos.TouchTrackerUITests;
				PRODUCT_NAME = "$(TARGET_NAME)";
				TEST_TARGET_NAME = TouchTracker;
				USES_XCTRUNNER = YES;
			};
			name = Release;
		};
/* End XCBuildConfiguration section */

/* Begin XCConfigurationList section */
		ED3E9C1E1C0E68F40053A8F5 /* Build configuration list for PBXProject "TouchTracker" */ = {
			isa = XCConfigurationList;
			buildConfigurations = (
				ED3E9C481C0E68F40053A8F5 /* Debug */,
				ED3E9C491C0E68F40053A8F5 /* Release */,
			);
			defaultConfigurationIsVisible = 0;
			defaultConfigurationName = Release;
		};
		ED3E9C4A1C0E68F40053A8F5 /* Build configuration list for PBXNativeTarget "TouchTracker" */ = {
			isa = XCConfigurationList;
			buildConfigurations = (
				ED3E9C4B1C0E68F40053A8F5 /* Debug */,
				ED3E9C4C1C0E68F40053A8F5 /* Release */,
			);
			defaultConfigurationIsVisible = 0;
			defaultConfigurationName = Release;
		};
		ED3E9C4D1C0E68F40053A8F5 /* Build configuration list for PBXNativeTarget "TouchTrackerTests" */ = {
			isa = XCConfigurationList;
			buildConfigurations = (
				ED3E9C4E1C0E68F40053A8F5 /* Debug */,
				ED3E9C4F1C0E68F40053A8F5 /* Release */,
			);
			defaultConfigurationIsVisible = 0;
			defaultConfigurationName = Release;
		};
		ED3E9C501C0E68F40053A8F5 /* Build configuration list for PBXNativeTarget "TouchTrackerUITests" */ = {
			isa = XCConfigurationList;
			buildConfigurations = (
				ED3E9C511C0E68F40053A8F5 /* Debug */,
				ED3E9C521C0E68F40053A8F5 /* Release */,
			);
			defaultConfigurationIsVisible = 0;
			defaultConfigurationName = Release;
		};
/* End XCConfigurationList section */
	};
	rootObject = ED3E9C1B1C0E68F40053A8F5 /* Project object */;
}
